
Microsoft Visual Studio Solution File, Format Version 12.00
# Visual Studio Version 17
VisualStudioVersion = 17.9.34723.18
MinimumVisualStudioVersion = 10.0.40219.1
Project("{8BC9CEB8-8B4A-11D0-8D11-00A0C91BC942}") = "Labwork6", "6\Labwork6.vcxproj", "{EA79F595-3372-46D4-B533-9CB00B04F893}"
EndProject
Project("{8BC9CEB8-8B4A-11D0-8D11-00A0C91BC942}") = "Labwork7", "7\Labwork7.vcxproj", "{3BBDAFA2-5F6A-4AFA-B0AF-944D31A0661B}"
EndProject
Global
	GlobalSection(SolutionConfigurationPlatforms) = preSolution
		Debug|x64 = Debug|x64
		Debug|x86 = Debug|x86
		Release|x64 = Release|x64
		Release|x86 = Release|x86
	EndGlobalSection
	GlobalSection(ProjectConfigurationPlatforms) = postSolution
		{EA79F595-3372-46D4-B533-9CB00B04F893}.Debug|x64.ActiveCfg = Debug|x64
		{EA79F595-3372-46D4-B533-9CB00B04F893}.Debug|x64.Build.0 = Debug|x64
		{EA79F595-3372-46D4-B533-9CB00B04F893}.Debug|x86.ActiveCfg = Debug|Win32
		{EA79F595-3372-46D4-B533-9CB00B04F893}.Debug|x86.Build.0 = Debug|Win32
		{EA79F595-3372-46D4-B533-9CB00B04F893}.Release|x64.ActiveCfg = Release|x64
		{EA79F595-3372-46D4-B533-9CB00B04F893}.Release|x64.Build.0 = Release|x64
		{EA79F595-3372-46D4-B533-9CB00B04F893}.Release|x86.ActiveCfg = Release|Win32
		{EA79F595-3372-46D4-B533-9CB00B04F893}.Release|x86.Build.0 = Release|Win32
		{3BBDAFA2-5F6A-4AFA-B0AF-944D31A0661B}.Debug|x64.ActiveCfg = Debug|x64
		{3BBDAFA2-5F6A-4AFA-B0AF-944D31A0661B}.Debug|x64.Build.0 = Debug|x64
		{3BBDAFA2-5F6A-4AFA-B0AF-944D31A0661B}.Debug|x86.ActiveCfg = Debug|Win32
		{3BBDAFA2-5F6A-4AFA-B0AF-944D31A0661B}.Debug|x86.Build.0 = Debug|Win32
		{3BBDAFA2-5F6A-4AFA-B0AF-944D31A0661B}.Release|x64.ActiveCfg = Release|x64
		{3BBDAFA2-5F6A-4AFA-B0AF-944D31A0661B}.Release|x64.Build.0 = Release|x64
		{3BBDAFA2-5F6A-4AFA-B0AF-944D31A0661B}.Release|x86.ActiveCfg = Release|Win32
		{3BBDAFA2-5F6A-4AFA-B0AF-944D31A0661B}.Release|x86.Build.0 = Release|Win32
	EndGlobalSection
	GlobalSection(SolutionProperties) = preSolution
		HideSolutionNode = FALSE
	EndGlobalSection
	GlobalSection(ExtensibilityGlobals) = postSolution
		SolutionGuid = {8B174D91-74D5-402B-8F7C-BE7AF038EAB3}
	EndGlobalSection
EndGlobal
